github.com/davecgh/go-spew v1.1.0/go.mod h1:J7Y8YcW2NihsgmVo/mv3lAwl/skON4iLHjSsI+c5H38=
github.com/gomponents/gontainer-helpers v0.0.0-20200910225703-68ec423e5bbe h1:fXm3/3rbRjscVqCD03FwSm7DUkzofqVb6avgLXO0tyU=
github.com/gomponents/gontainer-helpers v0.0.0-20200910225703-68ec423e5bbe/go.mod h1:YzjzPnzUdBdCf4NgwZKdp5vmYaRT0hNBPvdKjxrzNic=
github.com/gomponents/gontainer-helpers v0.0.0-20200912133726-c777dc4a3d72 h1:CA5LEN9KukBHjuKfQU44DXbB+7wLgKEPO3CdrppgnvU=
github.com/gomponents/gontainer-helpers v0.0.0-20200912133726-c777dc4a3d72/go.mod h1:YzjzPnzUdBdCf4NgwZKdp5vmYaRT0hNBPvdKjxrzNic=
github.com/gomponents/gontainer-helpers v0.0.0-20200912223548-c4999c29e015 h1:zAicLU07FFifjZHjcnYMR3OEbLZt55CFO9N4+aGjZRM=
github.com/gomponents/gontainer-helpers v0.0.0-20200912223548-c4999c29e015/go.mod h1:YzjzPnzUdBdCf4NgwZKdp5vmYaRT0hNBPvdKjxrzNic=
github.com/gomponents/gontainer-helpers v0.0.0-20200912233450-c7e998d664dc h1:FTXpZfmn1/tdqoOHpbWEL2cjvgx2m3Gj/dmr1vZN4ng=
github.com/gomponents/gontainer-helpers v0.0.0-20200912233450-c7e998d664dc/go.mod h1:YzjzPnzUdBdCf4NgwZKdp5vmYaRT0hNBPvdKjxrzNic=
github.com/gomponents/gontainer-helpers v0.0.0-20200915011932-a9c41e0e21bf h1:7tZz3UZ2P0xXCBYT79WSDrXIkcjCggZzYX/3DXjlwm4=
github.com/gomponents/gontainer-helpers v0.0.0-20200915011932-a9c41e0e21bf/go.mod h1:YzjzPnzUdBdCf4NgwZKdp5vmYaRT0hNBPvdKjxrzNic=
github.com/pmezard/go-difflib v1.0.0/go.mod h1:iKH77koFhYxTK1pcRnkKkqfTogsbg7gZNVY4sRDYZ/4=
github.com/stretchr/objx v0.1.0/go.mod h1:HFkY916IF+rwdDfMAkV7OtwuqBVzrE8GR6GFx+wExME=
github.com/stretchr/testify v1.6.1/go.mod h1:6Fq8oRcR53rry900zMqJjRRixrwX3KX962/h/Wwjteg=
gopkg.in/check.v1 v0.0.0-20161208181325-20d25e280405/go.mod h1:Co6ibVJAznAaIkqp8huTwlJQCZ016jof/cbN4VW5Yz0=
gopkg.in/yaml.v3 v3.0.0-20200313102051-9f266ea9e77c/go.mod h1:K4uyk7z7BCEPqu6E+C64Yfv1cQ7kz7rIZviUmN+EgEM=
