github.com/davecgh/go-spew v1.1.0/go.mod h1:J7Y8YcW2NihsgmVo/mv3lAwl/skON4iLHjSsI+c5H38=
github.com/gomponents/gontainer-helpers v0.0.0-20200830233015-20376d37d953 h1:1srEyEo8UeG2UO54OSBc1vx8cSsOYDw/R5T0QfX8KkM=
github.com/gomponents/gontainer-helpers v0.0.0-20200830233015-20376d37d953/go.mod h1:YzjzPnzUdBdCf4NgwZKdp5vmYaRT0hNBPvdKjxrzNic=
github.com/gomponents/gontainer-helpers v0.0.0-20200905094455-51a94a4a3635 h1:RxrnomA2MNEiVFJ/IbQBmx+qFv6m3GDzn7buTmwTLPQ=
github.com/gomponents/gontainer-helpers v0.0.0-20200905094455-51a94a4a3635/go.mod h1:YzjzPnzUdBdCf4NgwZKdp5vmYaRT0hNBPvdKjxrzNic=
github.com/gomponents/gontainer-helpers v0.0.0-20200906083223-2fe7017e8428 h1:XhJhyZ6QJwe9KowMjCxXdOhFtyBrSDGaoV8/8XzXswM=
github.com/gomponents/gontainer-helpers v0.0.0-20200906083223-2fe7017e8428/go.mod h1:YzjzPnzUdBdCf4NgwZKdp5vmYaRT0hNBPvdKjxrzNic=
github.com/gomponents/gontainer-helpers v0.0.0-20200908214029-9a1dcefa6855 h1:rekj7CiiFpqxflITCuTw6sH165FpLgLHIVSLQaJ2uSU=
github.com/gomponents/gontainer-helpers v0.0.0-20200908214029-9a1dcefa6855/go.mod h1:YzjzPnzUdBdCf4NgwZKdp5vmYaRT0hNBPvdKjxrzNic=
github.com/gomponents/gontainer-helpers v0.0.0-20200908214748-fc7e3147f1d6 h1:eJCL4e2kcYdxbUI8cR+ukApJEM8cO51aNtClmdSQI38=
github.com/gomponents/gontainer-helpers v0.0.0-20200908214748-fc7e3147f1d6/go.mod h1:YzjzPnzUdBdCf4NgwZKdp5vmYaRT0hNBPvdKjxrzNic=
github.com/gomponents/gontainer-helpers v0.0.0-20200909154150-9eecaeeea218 h1:GhrOwlV2yk9jDJCXwEFhr1ScXWm0qe/tt1DRHlci4Vo=
github.com/gomponents/gontainer-helpers v0.0.0-20200909154150-9eecaeeea218/go.mod h1:YzjzPnzUdBdCf4NgwZKdp5vmYaRT0hNBPvdKjxrzNic=
github.com/gomponents/gontainer-helpers v0.0.0-20200910183748-91f6264a4815 h1:KAOXTcxjS9UbULGBNpb3/GH9Amv4zSAkruYdhN1riBQ=
github.com/gomponents/gontainer-helpers v0.0.0-20200910183748-91f6264a4815/go.mod h1:YzjzPnzUdBdCf4NgwZKdp5vmYaRT0hNBPvdKjxrzNic=
github.com/gomponents/gontainer-helpers v0.0.0-20200910211026-116f8e86b416 h1:FGZcliGlxs04TYc+hREeSwBfkZj3rAOf/Ogs9SLphgI=
github.com/gomponents/gontainer-helpers v0.0.0-20200910211026-116f8e86b416/go.mod h1:YzjzPnzUdBdCf4NgwZKdp5vmYaRT0hNBPvdKjxrzNic=
github.com/pmezard/go-difflib v1.0.0/go.mod h1:iKH77koFhYxTK1pcRnkKkqfTogsbg7gZNVY4sRDYZ/4=
github.com/stretchr/objx v0.1.0/go.mod h1:HFkY916IF+rwdDfMAkV7OtwuqBVzrE8GR6GFx+wExME=
github.com/stretchr/testify v1.6.1/go.mod h1:6Fq8oRcR53rry900zMqJjRRixrwX3KX962/h/Wwjteg=
gopkg.in/check.v1 v0.0.0-20161208181325-20d25e280405/go.mod h1:Co6ibVJAznAaIkqp8huTwlJQCZ016jof/cbN4VW5Yz0=
gopkg.in/yaml.v3 v3.0.0-20200313102051-9f266ea9e77c/go.mod h1:K4uyk7z7BCEPqu6E+C64Yfv1cQ7kz7rIZviUmN+EgEM=
