github.com/davecgh/go-spew v1.1.0/go.mod h1:J7Y8YcW2NihsgmVo/mv3lAwl/skON4iLHjSsI+c5H38=
github.com/gomponents/gontainer-helpers v0.0.0-20200830145731-d1efd83dceb7 h1:gQsaRNKqUVXrdNy9xVuv1t+wH7uBWeU6917bxZEHsCU=
github.com/gomponents/gontainer-helpers v0.0.0-20200830145731-d1efd83dceb7/go.mod h1:YzjzPnzUdBdCf4NgwZKdp5vmYaRT0hNBPvdKjxrzNic=
github.com/gomponents/gontainer-helpers v0.0.0-20200830233015-20376d37d953 h1:1srEyEo8UeG2UO54OSBc1vx8cSsOYDw/R5T0QfX8KkM=
github.com/gomponents/gontainer-helpers v0.0.0-20200830233015-20376d37d953/go.mod h1:YzjzPnzUdBdCf4NgwZKdp5vmYaRT0hNBPvdKjxrzNic=
github.com/gomponents/gontainer-helpers v0.0.0-20200905094455-51a94a4a3635 h1:RxrnomA2MNEiVFJ/IbQBmx+qFv6m3GDzn7buTmwTLPQ=
github.com/gomponents/gontainer-helpers v0.0.0-20200905094455-51a94a4a3635/go.mod h1:YzjzPnzUdBdCf4NgwZKdp5vmYaRT0hNBPvdKjxrzNic=
github.com/gomponents/gontainer-helpers v0.0.0-20200906083223-2fe7017e8428 h1:XhJhyZ6QJwe9KowMjCxXdOhFtyBrSDGaoV8/8XzXswM=
github.com/gomponents/gontainer-helpers v0.0.0-20200906083223-2fe7017e8428/go.mod h1:YzjzPnzUdBdCf4NgwZKdp5vmYaRT0hNBPvdKjxrzNic=
github.com/gomponents/gontainer-helpers v0.0.0-20200908214029-9a1dcefa6855 h1:rekj7CiiFpqxflITCuTw6sH165FpLgLHIVSLQaJ2uSU=
github.com/gomponents/gontainer-helpers v0.0.0-20200908214029-9a1dcefa6855/go.mod h1:YzjzPnzUdBdCf4NgwZKdp5vmYaRT0hNBPvdKjxrzNic=
github.com/gomponents/gontainer-helpers v0.0.0-20200908214748-fc7e3147f1d6 h1:eJCL4e2kcYdxbUI8cR+ukApJEM8cO51aNtClmdSQI38=
github.com/gomponents/gontainer-helpers v0.0.0-20200908214748-fc7e3147f1d6/go.mod h1:YzjzPnzUdBdCf4NgwZKdp5vmYaRT0hNBPvdKjxrzNic=
github.com/gomponents/gontainer-helpers v0.0.0-20200909154150-9eecaeeea218 h1:GhrOwlV2yk9jDJCXwEFhr1ScXWm0qe/tt1DRHlci4Vo=
github.com/gomponents/gontainer-helpers v0.0.0-20200909154150-9eecaeeea218/go.mod h1:YzjzPnzUdBdCf4NgwZKdp5vmYaRT0hNBPvdKjxrzNic=
github.com/gomponents/gontainer-helpers v0.0.0-20200910183748-91f6264a4815 h1:KAOXTcxjS9UbULGBNpb3/GH9Amv4zSAkruYdhN1riBQ=
github.com/gomponents/gontainer-helpers v0.0.0-20200910183748-91f6264a4815/go.mod h1:YzjzPnzUdBdCf4NgwZKdp5vmYaRT0hNBPvdKjxrzNic=
github.com/gomponents/gontainer-helpers v0.0.0-20200910211026-116f8e86b416 h1:FGZcliGlxs04TYc+hREeSwBfkZj3rAOf/Ogs9SLphgI=
github.com/gomponents/gontainer-helpers v0.0.0-20200910211026-116f8e86b416/go.mod h1:YzjzPnzUdBdCf4NgwZKdp5vmYaRT0hNBPvdKjxrzNic=
github.com/gomponents/gontainer-helpers v0.0.0-20200910225703-68ec423e5bbe h1:fXm3/3rbRjscVqCD03FwSm7DUkzofqVb6avgLXO0tyU=
github.com/gomponents/gontainer-helpers v0.0.0-20200910225703-68ec423e5bbe/go.mod h1:YzjzPnzUdBdCf4NgwZKdp5vmYaRT0hNBPvdKjxrzNic=
github.com/gomponents/gontainer-helpers v0.0.0-20200912133726-c777dc4a3d72 h1:CA5LEN9KukBHjuKfQU44DXbB+7wLgKEPO3CdrppgnvU=
github.com/gomponents/gontainer-helpers v0.0.0-20200912133726-c777dc4a3d72/go.mod h1:YzjzPnzUdBdCf4NgwZKdp5vmYaRT0hNBPvdKjxrzNic=
github.com/gomponents/gontainer-helpers v0.0.0-20200912223548-c4999c29e015 h1:zAicLU07FFifjZHjcnYMR3OEbLZt55CFO9N4+aGjZRM=
github.com/gomponents/gontainer-helpers v0.0.0-20200912223548-c4999c29e015/go.mod h1:YzjzPnzUdBdCf4NgwZKdp5vmYaRT0hNBPvdKjxrzNic=
github.com/gomponents/gontainer-helpers v0.0.0-20200912233450-c7e998d664dc h1:FTXpZfmn1/tdqoOHpbWEL2cjvgx2m3Gj/dmr1vZN4ng=
github.com/gomponents/gontainer-helpers v0.0.0-20200912233450-c7e998d664dc/go.mod h1:YzjzPnzUdBdCf4NgwZKdp5vmYaRT0hNBPvdKjxrzNic=
github.com/gomponents/gontainer-helpers v0.0.0-20200915011932-a9c41e0e21bf h1:7tZz3UZ2P0xXCBYT79WSDrXIkcjCggZzYX/3DXjlwm4=
github.com/gomponents/gontainer-helpers v0.0.0-20200915011932-a9c41e0e21bf/go.mod h1:YzjzPnzUdBdCf4NgwZKdp5vmYaRT0hNBPvdKjxrzNic=
github.com/gomponents/gontainer-helpers v0.0.0-20200928131540-557300d009d7 h1:YiiWMduIqd+qAk5+QpWxz6Nml5gua9YwF8UqtdcHjq4=
github.com/gomponents/gontainer-helpers v0.0.0-20200928131540-557300d009d7/go.mod h1:YzjzPnzUdBdCf4NgwZKdp5vmYaRT0hNBPvdKjxrzNic=
github.com/gomponents/gontainer-helpers v0.0.0-20200928131848-85a9d370b808 h1:SIlFDkeejhi0rOvm9pXxT2lzToefkRNR99ELhHV7ezQ=
github.com/gomponents/gontainer-helpers v0.0.0-20200928131848-85a9d370b808/go.mod h1:YzjzPnzUdBdCf4NgwZKdp5vmYaRT0hNBPvdKjxrzNic=
github.com/gomponents/gontainer-helpers v0.0.0-20201021152604-0a376b8aca46 h1:viBz5Qex5X1KmmMelKTgNarQZZr9BnitjcLdoy9rzNQ=
github.com/gomponents/gontainer-helpers v0.0.0-20201021152604-0a376b8aca46/go.mod h1:YzjzPnzUdBdCf4NgwZKdp5vmYaRT0hNBPvdKjxrzNic=
github.com/gomponents/gontainer-helpers v0.0.0-20201021155806-9f355b5cf11a h1:bRikqxf89+54dB6JFEMGBCUe6bmX89bNqMiE/kTG0v4=
github.com/gomponents/gontainer-helpers v0.0.0-20201021155806-9f355b5cf11a/go.mod h1:YzjzPnzUdBdCf4NgwZKdp5vmYaRT0hNBPvdKjxrzNic=
github.com/gomponents/gontainer-helpers v0.0.0-20201021164634-eba99d32dbdc h1:FIrY9SzAz03gGwgBwG2hC9TSZIAdicW0JEtPGQdx1Sk=
github.com/gomponents/gontainer-helpers v0.0.0-20201021164634-eba99d32dbdc/go.mod h1:YzjzPnzUdBdCf4NgwZKdp5vmYaRT0hNBPvdKjxrzNic=
github.com/gomponents/gontainer-helpers v0.0.0-20201021210344-a1b8fe9f9077 h1:swI67EeWiDlADdLzseXFm9rkrHSrAdYwrpoHjW8ShUA=
github.com/gomponents/gontainer-helpers v0.0.0-20201021210344-a1b8fe9f9077/go.mod h1:YzjzPnzUdBdCf4NgwZKdp5vmYaRT0hNBPvdKjxrzNic=
github.com/gomponents/gontainer-helpers v0.0.0-20210309165753-93eddf82adbb h1:LAZ6Z+zKOsFX+3EmnkhH/PUxZChLCCIphAUgb3fHF5k=
github.com/gomponents/gontainer-helpers v0.0.0-20210309165753-93eddf82adbb/go.mod h1:YzjzPnzUdBdCf4NgwZKdp5vmYaRT0hNBPvdKjxrzNic=
github.com/gomponents/gontainer-helpers v0.0.0-20210309171131-a705c16a7451 h1:yhTaIc19FyrFx8+y+webDjBjZxB502BUENC0cAMkImw=
github.com/gomponents/gontainer-helpers v0.0.0-20210309171131-a705c16a7451/go.mod h1:YzjzPnzUdBdCf4NgwZKdp5vmYaRT0hNBPvdKjxrzNic=
github.com/gomponents/gontainer-helpers v0.0.0-20210309185553-a88a33809340 h1:f8nTCPV0EZIR7nh+MWGXL2JLQ56EtQBm638rjDVksmA=
github.com/gomponents/gontainer-helpers v0.0.0-20210309185553-a88a33809340/go.mod h1:YzjzPnzUdBdCf4NgwZKdp5vmYaRT0hNBPvdKjxrzNic=
github.com/gomponents/gontainer-helpers v0.0.0-20210309192759-f5fc8cadeb96 h1:B9CAU8vSko/FKufNXi0tzvyARKDroj3m4eoLQ6FQPp4=
github.com/gomponents/gontainer-helpers v0.0.0-20210309192759-f5fc8cadeb96/go.mod h1:YzjzPnzUdBdCf4NgwZKdp5vmYaRT0hNBPvdKjxrzNic=
github.com/pmezard/go-difflib v1.0.0/go.mod h1:iKH77koFhYxTK1pcRnkKkqfTogsbg7gZNVY4sRDYZ/4=
github.com/stretchr/objx v0.1.0/go.mod h1:HFkY916IF+rwdDfMAkV7OtwuqBVzrE8GR6GFx+wExME=
github.com/stretchr/testify v1.6.1/go.mod h1:6Fq8oRcR53rry900zMqJjRRixrwX3KX962/h/Wwjteg=
gopkg.in/check.v1 v0.0.0-20161208181325-20d25e280405/go.mod h1:Co6ibVJAznAaIkqp8huTwlJQCZ016jof/cbN4VW5Yz0=
gopkg.in/yaml.v3 v3.0.0-20200313102051-9f266ea9e77c/go.mod h1:K4uyk7z7BCEPqu6E+C64Yfv1cQ7kz7rIZviUmN+EgEM=
